
Microsoft Visual Studio Solution File, Format Version 12.00
# Visual Studio 2015
Project("{FAE04EC0-301F-11D3-BF4B-00C04F79EFBC}") = "Tookabri_Sprint1.Plugins", "Tookabri_Sprint1.Plugins.csproj", "{0FBF7E4E-8440-C67B-85B8-8EABC7039A54}"
EndProject
Project("{FAE04EC0-301F-11D3-BF4B-00C04F79EFBC}") = "Tookabri_Sprint1", "Tookabri_Sprint1.csproj", "{62DE8FDC-84F6-3FFD-D708-CAAEC7CE123F}"
EndProject
Project("{FAE04EC0-301F-11D3-BF4B-00C04F79EFBC}") = "Tookabri_Sprint1.Editor.Plugins", "Tookabri_Sprint1.Editor.Plugins.csproj", "{C257BA85-4E35-E274-438D-016D3F466236}"
EndProject
Global
	GlobalSection(SolutionConfigurationPlatforms) = preSolution
		Debug|Any CPU = Debug|Any CPU
		Release|Any CPU = Release|Any CPU
	EndGlobalSection
	GlobalSection(ProjectConfigurationPlatforms) = postSolution
		{0FBF7E4E-8440-C67B-85B8-8EABC7039A54}.Debug|Any CPU.ActiveCfg = Debug|Any CPU
		{0FBF7E4E-8440-C67B-85B8-8EABC7039A54}.Debug|Any CPU.Build.0 = Debug|Any CPU
		{0FBF7E4E-8440-C67B-85B8-8EABC7039A54}.Release|Any CPU.ActiveCfg = Release|Any CPU
		{0FBF7E4E-8440-C67B-85B8-8EABC7039A54}.Release|Any CPU.Build.0 = Release|Any CPU
		{62DE8FDC-84F6-3FFD-D708-CAAEC7CE123F}.Debug|Any CPU.ActiveCfg = Debug|Any CPU
		{62DE8FDC-84F6-3FFD-D708-CAAEC7CE123F}.Debug|Any CPU.Build.0 = Debug|Any CPU
		{62DE8FDC-84F6-3FFD-D708-CAAEC7CE123F}.Release|Any CPU.ActiveCfg = Release|Any CPU
		{62DE8FDC-84F6-3FFD-D708-CAAEC7CE123F}.Release|Any CPU.Build.0 = Release|Any CPU
		{C257BA85-4E35-E274-438D-016D3F466236}.Debug|Any CPU.ActiveCfg = Debug|Any CPU
		{C257BA85-4E35-E274-438D-016D3F466236}.Debug|Any CPU.Build.0 = Debug|Any CPU
		{C257BA85-4E35-E274-438D-016D3F466236}.Release|Any CPU.ActiveCfg = Release|Any CPU
		{C257BA85-4E35-E274-438D-016D3F466236}.Release|Any CPU.Build.0 = Release|Any CPU
	EndGlobalSection
	GlobalSection(SolutionProperties) = preSolution
		HideSolutionNode = FALSE
	EndGlobalSection
EndGlobal
